
Microsoft Visual Studio Solution File, Format Version 12.00
# Visual Studio 14
VisualStudioVersion = 14.0.23107.0
MinimumVisualStudioVersion = 10.0.40219.1
Project("{2150E333-8FDC-42A3-9474-1A3956D46DE8}") = "src", "src", "{4A73FF58-E767-4966-A326-3CF16C702846}"
EndProject
Project("{2150E333-8FDC-42A3-9474-1A3956D46DE8}") = "Solution Items", "Solution Items", "{9A9B2720-BB23-4833-9A00-CCCA61E121FD}"
	ProjectSection(SolutionItems) = preProject
		global.json = global.json
	EndProjectSection
EndProject
Project("{8BB2217D-0F2D-49D1-97BC-3654ED321F3B}") = "NZIH", "src\NZIH\NZIH.xproj", "{23A8C9DD-D2EA-404E-80CB-6C465D432DAB}"
EndProject
Global
	GlobalSection(SolutionConfigurationPlatforms) = preSolution
		Debug|Any CPU = Debug|Any CPU
		Release|Any CPU = Release|Any CPU
	EndGlobalSection
	GlobalSection(ProjectConfigurationPlatforms) = postSolution
		{23A8C9DD-D2EA-404E-80CB-6C465D432DAB}.Debug|Any CPU.ActiveCfg = Debug|Any CPU
		{23A8C9DD-D2EA-404E-80CB-6C465D432DAB}.Debug|Any CPU.Build.0 = Debug|Any CPU
		{23A8C9DD-D2EA-404E-80CB-6C465D432DAB}.Release|Any CPU.ActiveCfg = Release|Any CPU
		{23A8C9DD-D2EA-404E-80CB-6C465D432DAB}.Release|Any CPU.Build.0 = Release|Any CPU
	EndGlobalSection
	GlobalSection(SolutionProperties) = preSolution
		HideSolutionNode = FALSE
	EndGlobalSection
	GlobalSection(NestedProjects) = preSolution
		{23A8C9DD-D2EA-404E-80CB-6C465D432DAB} = {4A73FF58-E767-4966-A326-3CF16C702846}
	EndGlobalSection
EndGlobal
